# generated by rye
# use `rye lock` or `rye sync` to update this lockfile
#
# last locked with the following flags:
#   pre: false
#   features: []
#   all-features: false
#   with-sources: false
#   generate-hashes: false

-e file:.
aiofiles==23.2.1
    # via meilisearch-python-sdk
    # via meilisync
annotated-types==0.7.0
    # via pydantic
anyio==4.4.0
    # via httpx
    # via starlette
    # via watchfiles
argon2-cffi==23.1.0
    # via chathoard
argon2-cffi-bindings==21.2.0
    # via argon2-cffi
    # via chathoard
arq==0.26.0
    # via chathoard
cachetools==5.3.3
    # via premailer
camel-converter==3.1.2
    # via meilisearch
    # via meilisearch-fastapi
    # via meilisearch-python-sdk
certifi==2024.6.2
    # via httpcore
    # via httpx
    # via requests
    # via sentry-sdk
cffi==1.16.0
    # via argon2-cffi-bindings
    # via cryptography
cfgv==3.4.0
    # via pre-commit
chardet==5.2.0
    # via emails
charset-normalizer==3.3.2
    # via requests
click==8.1.7
    # via arq
    # via typer
    # via uvicorn
coverage==7.5.4
cramjam==2.8.3
    # via python-snappy
cryptography==42.0.8
    # via pyjwt
cssselect==1.2.0
    # via premailer
cssutils==2.11.1
    # via emails
    # via premailer
distlib==0.3.8
    # via virtualenv
dnspython==2.6.1
    # via email-validator
    # via pymongo
email-validator==2.2.0
    # via chathoard
    # via fastapi
emails==0.6
    # via chathoard
fastapi==0.111.0
    # via chathoard
    # via meilisearch-fastapi
    # via sentry-sdk
fastapi-cli==0.0.4
    # via fastapi
filelock==3.15.4
    # via virtualenv
gunicorn==22.0.0
    # via chathoard
h11==0.14.0
    # via httpcore
    # via uvicorn
hiredis==2.3.2
    # via redis
httpcore==1.0.5
    # via httpx
httptools==0.6.1
    # via uvicorn
httpx==0.27.0
    # via chathoard
    # via fastapi
    # via meilisearch-python-sdk
identify==2.5.36
    # via pre-commit
idna==3.7
    # via anyio
    # via email-validator
    # via httpx
    # via requests
iniconfig==2.0.0
    # via pytest
jinja2==3.1.4
    # via chathoard
    # via fastapi
jsonpatch==1.33
    # via langchain-core
jsonpointer==3.0.0
    # via jsonpatch
langchain-core==0.2.9
    # via chathoard
langsmith==0.1.81
    # via langchain-core
loguru==0.7.2
    # via meilisync
lxml==5.2.2
    # via emails
    # via premailer
markdown-it-py==3.0.0
    # via rich
markupsafe==2.1.5
    # via jinja2
mdurl==0.1.2
    # via markdown-it-py
meilisearch==0.31.3
    # via chathoard
meilisearch-fastapi==0.19.0
    # via chathoard
meilisearch-python-sdk==2.10.1
    # via meilisearch-fastapi
    # via meilisync
    # via pytest-meilisearch
meilisync==0.1.3
    # via chathoard
more-itertools==10.3.0
    # via cssutils
motor==3.4.0
    # via chathoard
mypy==1.10.0
mypy-extensions==1.0.0
    # via mypy
nodeenv==1.9.1
    # via pre-commit
orjson==3.10.5
    # via fastapi
    # via langsmith
packaging==24.1
    # via gunicorn
    # via langchain-core
    # via pytest
platformdirs==4.2.2
    # via virtualenv
pluggy==1.5.0
    # via pytest
pre-commit==3.7.1
premailer==3.10.0
    # via emails
pycparser==2.22
    # via cffi
pydantic==2.7.4
    # via camel-converter
    # via chathoard
    # via fastapi
    # via langchain-core
    # via langsmith
    # via meilisearch-fastapi
    # via meilisearch-python-sdk
    # via pydantic-settings
pydantic-core==2.18.4
    # via pydantic
pydantic-settings==2.3.3
    # via chathoard
    # via meilisearch-fastapi
    # via meilisync
pygments==2.18.0
    # via rich
pyjwt==2.8.0
    # via chathoard
    # via meilisearch-python-sdk
pymongo==4.7.3
    # via chathoard
    # via motor
pytest==8.2.2
    # via pytest-meilisearch
pytest-meilisearch==0.5.0
python-dateutil==2.9.0.post0
    # via chathoard
    # via emails
python-dotenv==1.0.1
    # via pydantic-settings
    # via uvicorn
python-multipart==0.0.9
    # via chathoard
    # via fastapi
python-snappy==0.7.2
    # via pymongo
pyyaml==6.0.1
    # via langchain-core
    # via meilisync
    # via pre-commit
    # via uvicorn
redis==4.6.0
    # via arq
    # via meilisync
requests==2.32.3
    # via emails
    # via langsmith
    # via meilisearch
    # via premailer
rich==13.7.1
    # via typer
ruff==0.4.10
sentry-sdk==2.6.0
    # via chathoard
shellingham==1.5.4
    # via typer
six==1.16.0
    # via python-dateutil
sniffio==1.3.1
    # via anyio
    # via httpx
starlette==0.37.2
    # via fastapi
tenacity==8.4.1
    # via chathoard
    # via langchain-core
typer==0.12.3
    # via fastapi-cli
    # via meilisync
typing-extensions==4.12.2
    # via fastapi
    # via mypy
    # via pydantic
    # via pydantic-core
    # via typer
ujson==5.10.0
    # via fastapi
urllib3==2.2.2
    # via requests
    # via sentry-sdk
uv==0.2.13
uvicorn==0.30.1
    # via chathoard
    # via fastapi
uvloop==0.19.0
    # via uvicorn
virtualenv==20.26.3
    # via pre-commit
watchfiles==0.22.0
    # via uvicorn
websockets==12.0
    # via uvicorn
zstandard==0.22.0
    # via pymongo
